// !$*UTF8*$!
{
	archiveVersion = 1;
	classes = {
	};
	objectVersion = 52;
	objects = {

/* Begin PBXBuildFile section */
		0F7578B026AB82240072946E /* Preview Assets.xcassets in Resources */ = {isa = PBXBuildFile; fileRef = 0F7578AF26AB82240072946E /* Preview Assets.xcassets */; };
		0F7578CC26AB99130072946E /* SwiftUICharts in Frameworks */ = {isa = PBXBuildFile; productRef = 0F7578CB26AB99130072946E /* SwiftUICharts */; };
		0F7578D626ACA3DB0072946E /* Assets.xcassets in Resources */ = {isa = PBXBuildFile; fileRef = 0F7578D026ACA3DB0072946E /* Assets.xcassets */; };
		0F7578D726ACA3DB0072946E /* ContentView.swift in Sources */ = {isa = PBXBuildFile; fileRef = 0F7578D126ACA3DB0072946E /* ContentView.swift */; };
		0F7578D826ACA3DB0072946E /* SceneDelegate.swift in Sources */ = {isa = PBXBuildFile; fileRef = 0F7578D226ACA3DB0072946E /* SceneDelegate.swift */; };
		0F7578D926ACA3DB0072946E /* AppDelegate.swift in Sources */ = {isa = PBXBuildFile; fileRef = 0F7578D326ACA3DB0072946E /* AppDelegate.swift */; };
		0F7578DA26ACA3DB0072946E /* LaunchScreen.storyboard in Resources */ = {isa = PBXBuildFile; fileRef = 0F7578D426ACA3DB0072946E /* LaunchScreen.storyboard */; };
		0F7578DC26ACA3E10072946E /* Countries.swift in Sources */ = {isa = PBXBuildFile; fileRef = 0F7578DB26ACA3E10072946E /* Countries.swift */; };
		0F7578DE26ACB7D70072946E /* NewsResponse.swift in Sources */ = {isa = PBXBuildFile; fileRef = 0F7578DD26ACB7D70072946E /* NewsResponse.swift */; };
		0F7578E026ACB8160072946E /* News.swift in Sources */ = {isa = PBXBuildFile; fileRef = 0F7578DF26ACB8160072946E /* News.swift */; };
		0F7578E226ACB9F50072946E /* NewsAPI.swift in Sources */ = {isa = PBXBuildFile; fileRef = 0F7578E126ACB9F50072946E /* NewsAPI.swift */; };
		0F7578E426ACBA640072946E /* NewsDownloadManager.swift in Sources */ = {isa = PBXBuildFile; fileRef = 0F7578E326ACBA640072946E /* NewsDownloadManager.swift */; };
		0F7578E626ACBBCC0072946E /* NetworkManager.swift in Sources */ = {isa = PBXBuildFile; fileRef = 0F7578E526ACBBCC0072946E /* NetworkManager.swift */; };
		0F7578E826ACC0C80072946E /* BottomSheetView.swift in Sources */ = {isa = PBXBuildFile; fileRef = 0F7578E726ACC0C80072946E /* BottomSheetView.swift */; };
		0F7578EA26ACC9990072946E /* NewsSheetView.swift in Sources */ = {isa = PBXBuildFile; fileRef = 0F7578E926ACC9990072946E /* NewsSheetView.swift */; };
		0F7578EC26ACCB180072946E /* NewsHeaderView.swift in Sources */ = {isa = PBXBuildFile; fileRef = 0F7578EB26ACCB180072946E /* NewsHeaderView.swift */; };
		0F7578EE26ACCC8A0072946E /* NewsListView.swift in Sources */ = {isa = PBXBuildFile; fileRef = 0F7578ED26ACCC8A0072946E /* NewsListView.swift */; };
		0F7578F126ACCF7E0072946E /* BetterSafariView in Frameworks */ = {isa = PBXBuildFile; productRef = 0F7578F026ACCF7E0072946E /* BetterSafariView */; };
		0F7578F526ACD0CC0072946E /* ImageLoader.swift in Sources */ = {isa = PBXBuildFile; fileRef = 0F7578F426ACD0CC0072946E /* ImageLoader.swift */; };
		0F7578F726ACD0DF0072946E /* ImageCache.swift in Sources */ = {isa = PBXBuildFile; fileRef = 0F7578F626ACD0DF0072946E /* ImageCache.swift */; };
		0F7578F926ACD0EF0072946E /* ImageCacheKey.swift in Sources */ = {isa = PBXBuildFile; fileRef = 0F7578F826ACD0EF0072946E /* ImageCacheKey.swift */; };
		0F7578FB26ACD1140072946E /* AsyncImage.swift in Sources */ = {isa = PBXBuildFile; fileRef = 0F7578FA26ACD1140072946E /* AsyncImage.swift */; };
		0F7578FD26AE23A30072946E /* Background.swift in Sources */ = {isa = PBXBuildFile; fileRef = 0F7578FC26AE23A30072946E /* Background.swift */; };
/* End PBXBuildFile section */

/* Begin PBXFileReference section */
		0F7578A026AB82210072946E /* Covid Data.app */ = {isa = PBXFileReference; explicitFileType = wrapper.application; includeInIndex = 0; path = "Covid Data.app"; sourceTree = BUILT_PRODUCTS_DIR; };
		0F7578AF26AB82240072946E /* Preview Assets.xcassets */ = {isa = PBXFileReference; lastKnownFileType = folder.assetcatalog; path = "Preview Assets.xcassets"; sourceTree = "<group>"; };
		0F7578CF26ACA3DB0072946E /* Info.plist */ = {isa = PBXFileReference; fileEncoding = 4; lastKnownFileType = text.plist.xml; path = Info.plist; sourceTree = "<group>"; };
		0F7578D026ACA3DB0072946E /* Assets.xcassets */ = {isa = PBXFileReference; lastKnownFileType = folder.assetcatalog; path = Assets.xcassets; sourceTree = "<group>"; };
		0F7578D126ACA3DB0072946E /* ContentView.swift */ = {isa = PBXFileReference; fileEncoding = 4; lastKnownFileType = sourcecode.swift; path = ContentView.swift; sourceTree = "<group>"; };
		0F7578D226ACA3DB0072946E /* SceneDelegate.swift */ = {isa = PBXFileReference; fileEncoding = 4; lastKnownFileType = sourcecode.swift; path = SceneDelegate.swift; sourceTree = "<group>"; };
		0F7578D326ACA3DB0072946E /* AppDelegate.swift */ = {isa = PBXFileReference; fileEncoding = 4; lastKnownFileType = sourcecode.swift; path = AppDelegate.swift; sourceTree = "<group>"; };
		0F7578D426ACA3DB0072946E /* LaunchScreen.storyboard */ = {isa = PBXFileReference; fileEncoding = 4; lastKnownFileType = file.storyboard; path = LaunchScreen.storyboard; sourceTree = "<group>"; };
		0F7578DB26ACA3E10072946E /* Countries.swift */ = {isa = PBXFileReference; fileEncoding = 4; lastKnownFileType = sourcecode.swift; path = Countries.swift; sourceTree = "<group>"; };
		0F7578DD26ACB7D70072946E /* NewsResponse.swift */ = {isa = PBXFileReference; lastKnownFileType = sourcecode.swift; path = NewsResponse.swift; sourceTree = "<group>"; };
		0F7578DF26ACB8160072946E /* News.swift */ = {isa = PBXFileReference; lastKnownFileType = sourcecode.swift; path = News.swift; sourceTree = "<group>"; };
		0F7578E126ACB9F50072946E /* NewsAPI.swift */ = {isa = PBXFileReference; lastKnownFileType = sourcecode.swift; path = NewsAPI.swift; sourceTree = "<group>"; };
		0F7578E326ACBA640072946E /* NewsDownloadManager.swift */ = {isa = PBXFileReference; lastKnownFileType = sourcecode.swift; path = NewsDownloadManager.swift; sourceTree = "<group>"; };
		0F7578E526ACBBCC0072946E /* NetworkManager.swift */ = {isa = PBXFileReference; lastKnownFileType = sourcecode.swift; path = NetworkManager.swift; sourceTree = "<group>"; };
		0F7578E726ACC0C80072946E /* BottomSheetView.swift */ = {isa = PBXFileReference; lastKnownFileType = sourcecode.swift; path = BottomSheetView.swift; sourceTree = "<group>"; };
		0F7578E926ACC9990072946E /* NewsSheetView.swift */ = {isa = PBXFileReference; lastKnownFileType = sourcecode.swift; path = NewsSheetView.swift; sourceTree = "<group>"; };
		0F7578EB26ACCB180072946E /* NewsHeaderView.swift */ = {isa = PBXFileReference; lastKnownFileType = sourcecode.swift; path = NewsHeaderView.swift; sourceTree = "<group>"; };
		0F7578ED26ACCC8A0072946E /* NewsListView.swift */ = {isa = PBXFileReference; lastKnownFileType = sourcecode.swift; path = NewsListView.swift; sourceTree = "<group>"; };
		0F7578F426ACD0CC0072946E /* ImageLoader.swift */ = {isa = PBXFileReference; lastKnownFileType = sourcecode.swift; path = ImageLoader.swift; sourceTree = "<group>"; };
		0F7578F626ACD0DF0072946E /* ImageCache.swift */ = {isa = PBXFileReference; lastKnownFileType = sourcecode.swift; path = ImageCache.swift; sourceTree = "<group>"; };
		0F7578F826ACD0EF0072946E /* ImageCacheKey.swift */ = {isa = PBXFileReference; lastKnownFileType = sourcecode.swift; path = ImageCacheKey.swift; sourceTree = "<group>"; };
		0F7578FA26ACD1140072946E /* AsyncImage.swift */ = {isa = PBXFileReference; lastKnownFileType = sourcecode.swift; path = AsyncImage.swift; sourceTree = "<group>"; };
		0F7578FC26AE23A30072946E /* Background.swift */ = {isa = PBXFileReference; lastKnownFileType = sourcecode.swift; path = Background.swift; sourceTree = "<group>"; };
/* End PBXFileReference section */

/* Begin PBXFrameworksBuildPhase section */
		0F75789D26AB82210072946E /* Frameworks */ = {
			isa = PBXFrameworksBuildPhase;
			buildActionMask = 2147483647;
			files = (
				0F7578CC26AB99130072946E /* SwiftUICharts in Frameworks */,
				0F7578F126ACCF7E0072946E /* BetterSafariView in Frameworks */,
			);
			runOnlyForDeploymentPostprocessing = 0;
		};
/* End PBXFrameworksBuildPhase section */

/* Begin PBXGroup section */
		0F75789726AB82210072946E = {
			isa = PBXGroup;
			children = (
				0F7578A226AB82210072946E /* Covid Data */,
				0F7578A126AB82210072946E /* Products */,
			);
			sourceTree = "<group>";
		};
		0F7578A126AB82210072946E /* Products */ = {
			isa = PBXGroup;
			children = (
				0F7578A026AB82210072946E /* Covid Data.app */,
			);
			name = Products;
			sourceTree = "<group>";
		};
		0F7578A226AB82210072946E /* Covid Data */ = {
			isa = PBXGroup;
			children = (
				0F7578F226ACD0510072946E /* NewsData */,
				0F7578D326ACA3DB0072946E /* AppDelegate.swift */,
				0F7578D026ACA3DB0072946E /* Assets.xcassets */,
				0F7578D126ACA3DB0072946E /* ContentView.swift */,
				0F7578FC26AE23A30072946E /* Background.swift */,
				0F7578E726ACC0C80072946E /* BottomSheetView.swift */,
				0F7578CF26ACA3DB0072946E /* Info.plist */,
				0F7578D426ACA3DB0072946E /* LaunchScreen.storyboard */,
				0F7578D226ACA3DB0072946E /* SceneDelegate.swift */,
				0F7578DB26ACA3E10072946E /* Countries.swift */,
				0F7578AE26AB82240072946E /* Preview Content */,
			);
			path = "Covid Data";
			sourceTree = "<group>";
		};
		0F7578AE26AB82240072946E /* Preview Content */ = {
			isa = PBXGroup;
			children = (
				0F7578AF26AB82240072946E /* Preview Assets.xcassets */,
			);
			path = "Preview Content";
			sourceTree = "<group>";
		};
		0F7578F226ACD0510072946E /* NewsData */ = {
			isa = PBXGroup;
			children = (
				0F7578F326ACD0AF0072946E /* AsyncImage */,
				0F7578EB26ACCB180072946E /* NewsHeaderView.swift */,
				0F7578E526ACBBCC0072946E /* NetworkManager.swift */,
				0F7578DF26ACB8160072946E /* News.swift */,
				0F7578E126ACB9F50072946E /* NewsAPI.swift */,
				0F7578E326ACBA640072946E /* NewsDownloadManager.swift */,
				0F7578DD26ACB7D70072946E /* NewsResponse.swift */,
				0F7578ED26ACCC8A0072946E /* NewsListView.swift */,
				0F7578E926ACC9990072946E /* NewsSheetView.swift */,
			);
			path = NewsData;
			sourceTree = "<group>";
		};
		0F7578F326ACD0AF0072946E /* AsyncImage */ = {
			isa = PBXGroup;
			children = (
				0F7578F426ACD0CC0072946E /* ImageLoader.swift */,
				0F7578F626ACD0DF0072946E /* ImageCache.swift */,
				0F7578F826ACD0EF0072946E /* ImageCacheKey.swift */,
				0F7578FA26ACD1140072946E /* AsyncImage.swift */,
			);
			path = AsyncImage;
			sourceTree = "<group>";
		};
/* End PBXGroup section */

/* Begin PBXNativeTarget section */
		0F75789F26AB82210072946E /* Covid Data */ = {
			isa = PBXNativeTarget;
			buildConfigurationList = 0F7578B726AB82240072946E /* Build configuration list for PBXNativeTarget "Covid Data" */;
			buildPhases = (
				0F75789C26AB82210072946E /* Sources */,
				0F75789D26AB82210072946E /* Frameworks */,
				0F75789E26AB82210072946E /* Resources */,
			);
			buildRules = (
			);
			dependencies = (
			);
			name = "Covid Data";
			packageProductDependencies = (
				0F7578CB26AB99130072946E /* SwiftUICharts */,
				0F7578F026ACCF7E0072946E /* BetterSafariView */,
			);
			productName = "Covid Data";
			productReference = 0F7578A026AB82210072946E /* Covid Data.app */;
			productType = "com.apple.product-type.application";
		};
/* End PBXNativeTarget section */

/* Begin PBXProject section */
		0F75789826AB82210072946E /* Project object */ = {
			isa = PBXProject;
			attributes = {
				LastSwiftUpdateCheck = 1250;
				LastUpgradeCheck = 1250;
				TargetAttributes = {
					0F75789F26AB82210072946E = {
						CreatedOnToolsVersion = 12.5.1;
						LastSwiftMigration = 1250;
					};
				};
			};
			buildConfigurationList = 0F75789B26AB82210072946E /* Build configuration list for PBXProject "Covid Data" */;
			compatibilityVersion = "Xcode 9.3";
			developmentRegion = en;
			hasScannedForEncodings = 0;
			knownRegions = (
				en,
				Base,
			);
			mainGroup = 0F75789726AB82210072946E;
			packageReferences = (
				0F7578CA26AB99130072946E /* XCRemoteSwiftPackageReference "ChartView" */,
				0F7578EF26ACCF7E0072946E /* XCRemoteSwiftPackageReference "BetterSafariView" */,
			);
			productRefGroup = 0F7578A126AB82210072946E /* Products */;
			projectDirPath = "";
			projectRoot = "";
			targets = (
				0F75789F26AB82210072946E /* Covid Data */,
			);
		};
/* End PBXProject section */

/* Begin PBXResourcesBuildPhase section */
		0F75789E26AB82210072946E /* Resources */ = {
			isa = PBXResourcesBuildPhase;
			buildActionMask = 2147483647;
			files = (
				0F7578DA26ACA3DB0072946E /* LaunchScreen.storyboard in Resources */,
				0F7578D626ACA3DB0072946E /* Assets.xcassets in Resources */,
				0F7578B026AB82240072946E /* Preview Assets.xcassets in Resources */,
			);
			runOnlyForDeploymentPostprocessing = 0;
		};
/* End PBXResourcesBuildPhase section */

/* Begin PBXSourcesBuildPhase section */
		0F75789C26AB82210072946E /* Sources */ = {
			isa = PBXSourcesBuildPhase;
			buildActionMask = 2147483647;
			files = (
				0F7578F726ACD0DF0072946E /* ImageCache.swift in Sources */,
				0F7578F526ACD0CC0072946E /* ImageLoader.swift in Sources */,
				0F7578E626ACBBCC0072946E /* NetworkManager.swift in Sources */,
				0F7578FB26ACD1140072946E /* AsyncImage.swift in Sources */,
				0F7578E826ACC0C80072946E /* BottomSheetView.swift in Sources */,
				0F7578FD26AE23A30072946E /* Background.swift in Sources */,
				0F7578E026ACB8160072946E /* News.swift in Sources */,
				0F7578D926ACA3DB0072946E /* AppDelegate.swift in Sources */,
				0F7578EC26ACCB180072946E /* NewsHeaderView.swift in Sources */,
				0F7578EE26ACCC8A0072946E /* NewsListView.swift in Sources */,
				0F7578DE26ACB7D70072946E /* NewsResponse.swift in Sources */,
				0F7578EA26ACC9990072946E /* NewsSheetView.swift in Sources */,
				0F7578D726ACA3DB0072946E /* ContentView.swift in Sources */,
				0F7578E426ACBA640072946E /* NewsDownloadManager.swift in Sources */,
				0F7578DC26ACA3E10072946E /* Countries.swift in Sources */,
				0F7578E226ACB9F50072946E /* NewsAPI.swift in Sources */,
				0F7578F926ACD0EF0072946E /* ImageCacheKey.swift in Sources */,
				0F7578D826ACA3DB0072946E /* SceneDelegate.swift in Sources */,
			);
			runOnlyForDeploymentPostprocessing = 0;
		};
/* End PBXSourcesBuildPhase section */

/* Begin XCBuildConfiguration section */
		0F7578B526AB82240072946E /* Debug */ = {
			isa = XCBuildConfiguration;
			buildSettings = {
				ALWAYS_SEARCH_USER_PATHS = NO;
				CLANG_ANALYZER_NONNULL = YES;
				CLANG_ANALYZER_NUMBER_OBJECT_CONVERSION = YES_AGGRESSIVE;
				CLANG_CXX_LANGUAGE_STANDARD = "gnu++14";
				CLANG_CXX_LIBRARY = "libc++";
				CLANG_ENABLE_MODULES = YES;
				CLANG_ENABLE_OBJC_ARC = YES;
				CLANG_ENABLE_OBJC_WEAK = YES;
				CLANG_WARN_BLOCK_CAPTURE_AUTORELEASING = YES;
				CLANG_WARN_BOOL_CONVERSION = YES;
				CLANG_WARN_COMMA = YES;
				CLANG_WARN_CONSTANT_CONVERSION = YES;
				CLANG_WARN_DEPRECATED_OBJC_IMPLEMENTATIONS = YES;
				CLANG_WARN_DIRECT_OBJC_ISA_USAGE = YES_ERROR;
				CLANG_WARN_DOCUMENTATION_COMMENTS = YES;
				CLANG_WARN_EMPTY_BODY = YES;
				CLANG_WARN_ENUM_CONVERSION = YES;
				CLANG_WARN_INFINITE_RECURSION = YES;
				CLANG_WARN_INT_CONVERSION = YES;
				CLANG_WARN_NON_LITERAL_NULL_CONVERSION = YES;
				CLANG_WARN_OBJC_IMPLICIT_RETAIN_SELF = YES;
				CLANG_WARN_OBJC_LITERAL_CONVERSION = YES;
				CLANG_WARN_OBJC_ROOT_CLASS = YES_ERROR;
				CLANG_WARN_QUOTED_INCLUDE_IN_FRAMEWORK_HEADER = YES;
				CLANG_WARN_RANGE_LOOP_ANALYSIS = YES;
				CLANG_WARN_STRICT_PROTOTYPES = YES;
				CLANG_WARN_SUSPICIOUS_MOVE = YES;
				CLANG_WARN_UNGUARDED_AVAILABILITY = YES_AGGRESSIVE;
				CLANG_WARN_UNREACHABLE_CODE = YES;
				CLANG_WARN__DUPLICATE_METHOD_MATCH = YES;
				COPY_PHASE_STRIP = NO;
				DEBUG_INFORMATION_FORMAT = dwarf;
				ENABLE_STRICT_OBJC_MSGSEND = YES;
				ENABLE_TESTABILITY = YES;
				GCC_C_LANGUAGE_STANDARD = gnu11;
				GCC_DYNAMIC_NO_PIC = NO;
				GCC_NO_COMMON_BLOCKS = YES;
				GCC_OPTIMIZATION_LEVEL = 0;
				GCC_PREPROCESSOR_DEFINITIONS = (
					"DEBUG=1",
					"$(inherited)",
				);
				GCC_WARN_64_TO_32_BIT_CONVERSION = YES;
				GCC_WARN_ABOUT_RETURN_TYPE = YES_ERROR;
				GCC_WARN_UNDECLARED_SELECTOR = YES;
				GCC_WARN_UNINITIALIZED_AUTOS = YES_AGGRESSIVE;
				GCC_WARN_UNUSED_FUNCTION = YES;
				GCC_WARN_UNUSED_VARIABLE = YES;
				IPHONEOS_DEPLOYMENT_TARGET = 14.5;
				MTL_ENABLE_DEBUG_INFO = INCLUDE_SOURCE;
				MTL_FAST_MATH = YES;
				ONLY_ACTIVE_ARCH = YES;
				SDKROOT = iphoneos;
				SWIFT_ACTIVE_COMPILATION_CONDITIONS = DEBUG;
				SWIFT_OPTIMIZATION_LEVEL = "-Onone";
			};
			name = Debug;
		};
		0F7578B626AB82240072946E /* Release */ = {
			isa = XCBuildConfiguration;
			buildSettings = {
				ALWAYS_SEARCH_USER_PATHS = NO;
				CLANG_ANALYZER_NONNULL = YES;
				CLANG_ANALYZER_NUMBER_OBJECT_CONVERSION = YES_AGGRESSIVE;
				CLANG_CXX_LANGUAGE_STANDARD = "gnu++14";
				CLANG_CXX_LIBRARY = "libc++";
				CLANG_ENABLE_MODULES = YES;
				CLANG_ENABLE_OBJC_ARC = YES;
				CLANG_ENABLE_OBJC_WEAK = YES;
				CLANG_WARN_BLOCK_CAPTURE_AUTORELEASING = YES;
				CLANG_WARN_BOOL_CONVERSION = YES;
				CLANG_WARN_COMMA = YES;
				CLANG_WARN_CONSTANT_CONVERSION = YES;
				CLANG_WARN_DEPRECATED_OBJC_IMPLEMENTATIONS = YES;
				CLANG_WARN_DIRECT_OBJC_ISA_USAGE = YES_ERROR;
				CLANG_WARN_DOCUMENTATION_COMMENTS = YES;
				CLANG_WARN_EMPTY_BODY = YES;
				CLANG_WARN_ENUM_CONVERSION = YES;
				CLANG_WARN_INFINITE_RECURSION = YES;
				CLANG_WARN_INT_CONVERSION = YES;
				CLANG_WARN_NON_LITERAL_NULL_CONVERSION = YES;
				CLANG_WARN_OBJC_IMPLICIT_RETAIN_SELF = YES;
				CLANG_WARN_OBJC_LITERAL_CONVERSION = YES;
				CLANG_WARN_OBJC_ROOT_CLASS = YES_ERROR;
				CLANG_WARN_QUOTED_INCLUDE_IN_FRAMEWORK_HEADER = YES;
				CLANG_WARN_RANGE_LOOP_ANALYSIS = YES;
				CLANG_WARN_STRICT_PROTOTYPES = YES;
				CLANG_WARN_SUSPICIOUS_MOVE = YES;
				CLANG_WARN_UNGUARDED_AVAILABILITY = YES_AGGRESSIVE;
				CLANG_WARN_UNREACHABLE_CODE = YES;
				CLANG_WARN__DUPLICATE_METHOD_MATCH = YES;
				COPY_PHASE_STRIP = NO;
				DEBUG_INFORMATION_FORMAT = "dwarf-with-dsym";
				ENABLE_NS_ASSERTIONS = NO;
				ENABLE_STRICT_OBJC_MSGSEND = YES;
				GCC_C_LANGUAGE_STANDARD = gnu11;
				GCC_NO_COMMON_BLOCKS = YES;
				GCC_WARN_64_TO_32_BIT_CONVERSION = YES;
				GCC_WARN_ABOUT_RETURN_TYPE = YES_ERROR;
				GCC_WARN_UNDECLARED_SELECTOR = YES;
				GCC_WARN_UNINITIALIZED_AUTOS = YES_AGGRESSIVE;
				GCC_WARN_UNUSED_FUNCTION = YES;
				GCC_WARN_UNUSED_VARIABLE = YES;
				IPHONEOS_DEPLOYMENT_TARGET = 14.5;
				MTL_ENABLE_DEBUG_INFO = NO;
				MTL_FAST_MATH = YES;
				SDKROOT = iphoneos;
				SWIFT_COMPILATION_MODE = wholemodule;
				SWIFT_OPTIMIZATION_LEVEL = "-O";
				VALIDATE_PRODUCT = YES;
			};
			name = Release;
		};
		0F7578B826AB82240072946E /* Debug */ = {
			isa = XCBuildConfiguration;
			buildSettings = {
				ASSETCATALOG_COMPILER_APPICON_NAME = AppIcon;
				ASSETCATALOG_COMPILER_GLOBAL_ACCENT_COLOR_NAME = AccentColor;
				CLANG_ENABLE_MODULES = YES;
				CODE_SIGN_STYLE = Automatic;
				DEVELOPMENT_ASSET_PATHS = "\"Covid Data/Preview Content\"";
				DEVELOPMENT_TEAM = 635A7ZN57F;
				ENABLE_PREVIEWS = YES;
				INFOPLIST_FILE = "Covid Data/Info.plist";
				LD_RUNPATH_SEARCH_PATHS = (
					"$(inherited)",
					"@executable_path/Frameworks",
				);
				PRODUCT_BUNDLE_IDENTIFIER = "Stanley-Moukh.Covid-Data";
				PRODUCT_NAME = "$(TARGET_NAME)";
				SWIFT_OPTIMIZATION_LEVEL = "-Onone";
				SWIFT_VERSION = 5.0;
				TARGETED_DEVICE_FAMILY = "1,2";
			};
			name = Debug;
		};
		0F7578B926AB82240072946E /* Release */ = {
			isa = XCBuildConfiguration;
			buildSettings = {
				ASSETCATALOG_COMPILER_APPICON_NAME = AppIcon;
				ASSETCATALOG_COMPILER_GLOBAL_ACCENT_COLOR_NAME = AccentColor;
				CLANG_ENABLE_MODULES = YES;
				CODE_SIGN_STYLE = Automatic;
				DEVELOPMENT_ASSET_PATHS = "\"Covid Data/Preview Content\"";
				DEVELOPMENT_TEAM = 635A7ZN57F;
				ENABLE_PREVIEWS = YES;
				INFOPLIST_FILE = "Covid Data/Info.plist";
				LD_RUNPATH_SEARCH_PATHS = (
					"$(inherited)",
					"@executable_path/Frameworks",
				);
				PRODUCT_BUNDLE_IDENTIFIER = "Stanley-Moukh.Covid-Data";
				PRODUCT_NAME = "$(TARGET_NAME)";
				SWIFT_VERSION = 5.0;
				TARGETED_DEVICE_FAMILY = "1,2";
			};
			name = Release;
		};
/* End XCBuildConfiguration section */

/* Begin XCConfigurationList section */
		0F75789B26AB82210072946E /* Build configuration list for PBXProject "Covid Data" */ = {
			isa = XCConfigurationList;
			buildConfigurations = (
				0F7578B526AB82240072946E /* Debug */,
				0F7578B626AB82240072946E /* Release */,
			);
			defaultConfigurationIsVisible = 0;
			defaultConfigurationName = Release;
		};
		0F7578B726AB82240072946E /* Build configuration list for PBXNativeTarget "Covid Data" */ = {
			isa = XCConfigurationList;
			buildConfigurations = (
				0F7578B826AB82240072946E /* Debug */,
				0F7578B926AB82240072946E /* Release */,
			);
			defaultConfigurationIsVisible = 0;
			defaultConfigurationName = Release;
		};
/* End XCConfigurationList section */

/* Begin XCRemoteSwiftPackageReference section */
		0F7578CA26AB99130072946E /* XCRemoteSwiftPackageReference "ChartView" */ = {
			isa = XCRemoteSwiftPackageReference;
			repositoryURL = "https://github.com/AppPear/ChartView";
			requirement = {
				kind = upToNextMajorVersion;
				minimumVersion = 1.5.5;
			};
		};
		0F7578EF26ACCF7E0072946E /* XCRemoteSwiftPackageReference "BetterSafariView" */ = {
			isa = XCRemoteSwiftPackageReference;
			repositoryURL = "https://github.com/stleamist/BetterSafariView.git";
			requirement = {
				kind = upToNextMajorVersion;
				minimumVersion = 2.3.1;
			};
		};
/* End XCRemoteSwiftPackageReference section */

/* Begin XCSwiftPackageProductDependency section */
		0F7578CB26AB99130072946E /* SwiftUICharts */ = {
			isa = XCSwiftPackageProductDependency;
			package = 0F7578CA26AB99130072946E /* XCRemoteSwiftPackageReference "ChartView" */;
			productName = SwiftUICharts;
		};
		0F7578F026ACCF7E0072946E /* BetterSafariView */ = {
			isa = XCSwiftPackageProductDependency;
			package = 0F7578EF26ACCF7E0072946E /* XCRemoteSwiftPackageReference "BetterSafariView" */;
			productName = BetterSafariView;
		};
/* End XCSwiftPackageProductDependency section */
	};
	rootObject = 0F75789826AB82210072946E /* Project object */;
}
